
Microsoft Visual Studio Solution File, Format Version 12.00
# Visual Studio Version 16
VisualStudioVersion = 16.0.32413.511
MinimumVisualStudioVersion = 10.0.40219.1
Project("{FAE04EC0-301F-11D3-BF4B-00C04F79EFBC}") = "RICK_GH_Tool", "RICK_GH_Tool.csproj", "{F23DD9DF-174E-4CBD-9B8D-EEABEBD978BE}"
EndProject
Project("{FAE04EC0-301F-11D3-BF4B-00C04F79EFBC}") = "PathFinderClass", "..\PathFinderClass\PathFinderClass.csproj", "{7150FB7C-9087-41A6-9CE3-32F617E3FC22}"
EndProject
Global
	GlobalSection(SolutionConfigurationPlatforms) = preSolution
		Debug|Any CPU = Debug|Any CPU
		Release|Any CPU = Release|Any CPU
	EndGlobalSection
	GlobalSection(ProjectConfigurationPlatforms) = postSolution
		{F23DD9DF-174E-4CBD-9B8D-EEABEBD978BE}.Debug|Any CPU.ActiveCfg = Debug|Any CPU
		{F23DD9DF-174E-4CBD-9B8D-EEABEBD978BE}.Debug|Any CPU.Build.0 = Debug|Any CPU
		{F23DD9DF-174E-4CBD-9B8D-EEABEBD978BE}.Release|Any CPU.ActiveCfg = Release|Any CPU
		{F23DD9DF-174E-4CBD-9B8D-EEABEBD978BE}.Release|Any CPU.Build.0 = Release|Any CPU
		{7150FB7C-9087-41A6-9CE3-32F617E3FC22}.Debug|Any CPU.ActiveCfg = Debug|Any CPU
		{7150FB7C-9087-41A6-9CE3-32F617E3FC22}.Debug|Any CPU.Build.0 = Debug|Any CPU
		{7150FB7C-9087-41A6-9CE3-32F617E3FC22}.Release|Any CPU.ActiveCfg = Release|Any CPU
		{7150FB7C-9087-41A6-9CE3-32F617E3FC22}.Release|Any CPU.Build.0 = Release|Any CPU
	EndGlobalSection
	GlobalSection(SolutionProperties) = preSolution
		HideSolutionNode = FALSE
	EndGlobalSection
	GlobalSection(ExtensibilityGlobals) = postSolution
		SolutionGuid = {25C966AD-54AF-44D8-87E0-D47E1990A153}
	EndGlobalSection
EndGlobal
